<?xml version="1.0" encoding="utf-8"?>
<Project ToolsVersion="4.0" xmlns="http://schemas.microsoft.com/developer/msbuild/2003">
  <ItemGroup>
    <Filter Include="Astral">
      <UniqueIdentifier>{6CE5E0A7-5887-0B7E-4142-1FD22D8392CE}</UniqueIdentifier>
    </Filter>
    <Filter Include="Astral\Events">
      <UniqueIdentifier>{D0BF8866-3C80-049D-05BB-4D1A713A4979}</UniqueIdentifier>
    </Filter>
  </ItemGroup>
  <ItemGroup>
    <ClInclude Include="src\Astral\Application.h">
      <Filter>Astral</Filter>
    </ClInclude>
    <ClInclude Include="src\Astral\Core.h">
      <Filter>Astral</Filter>
    </ClInclude>
    <ClInclude Include="src\Astral\Entrypoint.h">
      <Filter>Astral</Filter>
    </ClInclude>
    <ClInclude Include="src\Astral\Events\ApplicationEvent.h">
      <Filter>Astral\Events</Filter>
    </ClInclude>
    <ClInclude Include="src\Astral\Events\Event.h">
      <Filter>Astral\Events</Filter>
    </ClInclude>
    <ClInclude Include="src\Astral\Events\KeyEvent.h">
      <Filter>Astral\Events</Filter>
    </ClInclude>
    <ClInclude Include="src\Astral\Events\MouseEvent.h">
      <Filter>Astral\Events</Filter>
    </ClInclude>
    <ClInclude Include="src\Astral\Log.h">
      <Filter>Astral</Filter>
    </ClInclude>
    <ClInclude Include="src\AstralEngine.h" />
    <ClInclude Include="src\aepch.h" />
    <ClInclude Include="src\Window.h" />
  </ItemGroup>
  <ItemGroup>
    <ClCompile Include="src\Astral\Application.cpp">
      <Filter>Astral</Filter>
    </ClCompile>
    <ClCompile Include="src\Astral\Log.cpp">
      <Filter>Astral</Filter>
    </ClCompile>
    <ClCompile Include="src\aepch.cpp" />
  </ItemGroup>
</Project>